
Microsoft Visual Studio Solution File, Format Version 12.00
# Visual Studio Version 17
VisualStudioVersion = 17.6.33815.320
MinimumVisualStudioVersion = 10.0.40219.1
Project("{FAE04EC0-301F-11D3-BF4B-00C04F79EFBC}") = "DataAccess", "DataAccess\DataAccess.csproj", "{ADF826D9-013D-49F9-99C4-D0257B4FCC68}"
EndProject
Project("{FAE04EC0-301F-11D3-BF4B-00C04F79EFBC}") = "Business", "Business\Business.csproj", "{E977D5B3-944A-40C2-8948-7B4D1FD50D56}"
EndProject
Project("{FAE04EC0-301F-11D3-BF4B-00C04F79EFBC}") = "Entities", "Entities\Entities.csproj", "{87373D3C-B073-4E29-98C8-3B2CC09236AD}"
EndProject
Project("{FAE04EC0-301F-11D3-BF4B-00C04F79EFBC}") = "ConsoleUI", "ConsoleUI\ConsoleUI.csproj", "{4E264132-456F-4F52-B2BD-5B69DF14C066}"
EndProject
Global
	GlobalSection(SolutionConfigurationPlatforms) = preSolution
		Debug|Any CPU = Debug|Any CPU
		Release|Any CPU = Release|Any CPU
	EndGlobalSection
	GlobalSection(ProjectConfigurationPlatforms) = postSolution
		{ADF826D9-013D-49F9-99C4-D0257B4FCC68}.Debug|Any CPU.ActiveCfg = Debug|Any CPU
		{ADF826D9-013D-49F9-99C4-D0257B4FCC68}.Debug|Any CPU.Build.0 = Debug|Any CPU
		{ADF826D9-013D-49F9-99C4-D0257B4FCC68}.Release|Any CPU.ActiveCfg = Release|Any CPU
		{ADF826D9-013D-49F9-99C4-D0257B4FCC68}.Release|Any CPU.Build.0 = Release|Any CPU
		{E977D5B3-944A-40C2-8948-7B4D1FD50D56}.Debug|Any CPU.ActiveCfg = Debug|Any CPU
		{E977D5B3-944A-40C2-8948-7B4D1FD50D56}.Debug|Any CPU.Build.0 = Debug|Any CPU
		{E977D5B3-944A-40C2-8948-7B4D1FD50D56}.Release|Any CPU.ActiveCfg = Release|Any CPU
		{E977D5B3-944A-40C2-8948-7B4D1FD50D56}.Release|Any CPU.Build.0 = Release|Any CPU
		{87373D3C-B073-4E29-98C8-3B2CC09236AD}.Debug|Any CPU.ActiveCfg = Debug|Any CPU
		{87373D3C-B073-4E29-98C8-3B2CC09236AD}.Debug|Any CPU.Build.0 = Debug|Any CPU
		{87373D3C-B073-4E29-98C8-3B2CC09236AD}.Release|Any CPU.ActiveCfg = Release|Any CPU
		{87373D3C-B073-4E29-98C8-3B2CC09236AD}.Release|Any CPU.Build.0 = Release|Any CPU
		{4E264132-456F-4F52-B2BD-5B69DF14C066}.Debug|Any CPU.ActiveCfg = Debug|Any CPU
		{4E264132-456F-4F52-B2BD-5B69DF14C066}.Debug|Any CPU.Build.0 = Debug|Any CPU
		{4E264132-456F-4F52-B2BD-5B69DF14C066}.Release|Any CPU.ActiveCfg = Release|Any CPU
		{4E264132-456F-4F52-B2BD-5B69DF14C066}.Release|Any CPU.Build.0 = Release|Any CPU
	EndGlobalSection
	GlobalSection(SolutionProperties) = preSolution
		HideSolutionNode = FALSE
	EndGlobalSection
	GlobalSection(ExtensibilityGlobals) = postSolution
		SolutionGuid = {BCA8A9ED-6F80-4741-94AC-7DFA0660A133}
	EndGlobalSection
EndGlobal
